
Microsoft Visual Studio Solution File, Format Version 12.00
# Visual Studio Version 17
VisualStudioVersion = 17.4.33213.308
MinimumVisualStudioVersion = 10.0.40219.1
Project("{FAE04EC0-301F-11D3-BF4B-00C04F79EFBC}") = "REPORTE WPF", "REPORTE WPF.csproj", "{E778127A-8321-41C8-9957-F836D5FACD15}"
EndProject
Global
	GlobalSection(SolutionConfigurationPlatforms) = preSolution
		Debug|Any CPU = Debug|Any CPU
		Release|Any CPU = Release|Any CPU
	EndGlobalSection
	GlobalSection(ProjectConfigurationPlatforms) = postSolution
		{E778127A-8321-41C8-9957-F836D5FACD15}.Debug|Any CPU.ActiveCfg = Debug|Any CPU
		{E778127A-8321-41C8-9957-F836D5FACD15}.Debug|Any CPU.Build.0 = Debug|Any CPU
		{E778127A-8321-41C8-9957-F836D5FACD15}.Release|Any CPU.ActiveCfg = Release|Any CPU
		{E778127A-8321-41C8-9957-F836D5FACD15}.Release|Any CPU.Build.0 = Release|Any CPU
	EndGlobalSection
	GlobalSection(SolutionProperties) = preSolution
		HideSolutionNode = FALSE
	EndGlobalSection
	GlobalSection(ExtensibilityGlobals) = postSolution
		SolutionGuid = {9F938B97-FE99-451A-83BD-8E433025DFDB}
	EndGlobalSection
EndGlobal
